# This file was autogenerated by uv via the following command:
#    uv pip compile requirements-dev.in -o requirements-dev.lock
coverage==7.11.0
    # via pytest-cov
iniconfig==2.3.0
    # via pytest
mypy==1.18.2
    # via -r requirements-dev.in
mypy-extensions==1.1.0
    # via mypy
packaging==25.0
    # via pytest
pathspec==0.12.1
    # via mypy
pluggy==1.6.0
    # via
    #   pytest
    #   pytest-cov
pygments==2.19.2
    # via pytest
pytest==8.4.2
    # via
    #   -r requirements-dev.in
    #   pytest-cov
pytest-cov==7.0.0
    # via -r requirements-dev.in
ruff==0.14.4
    # via -r requirements-dev.in
typing-extensions==4.15.0
    # via
    #   -c requirements.lock
    #   mypy
